
Microsoft Visual Studio Solution File, Format Version 12.00
# Visual Studio Version 17
VisualStudioVersion = 17.7.34031.279
MinimumVisualStudioVersion = 10.0.40219.1
Project("{FAE04EC0-301F-11D3-BF4B-00C04F79EFBC}") = "Form測試一", "Form測試一\Form測試一.csproj", "{4BC1D2AC-48CE-4FC4-ABDC-C8AF5994C358}"
EndProject
Global
	GlobalSection(SolutionConfigurationPlatforms) = preSolution
		Debug|Any CPU = Debug|Any CPU
		Release|Any CPU = Release|Any CPU
	EndGlobalSection
	GlobalSection(ProjectConfigurationPlatforms) = postSolution
		{4BC1D2AC-48CE-4FC4-ABDC-C8AF5994C358}.Debug|Any CPU.ActiveCfg = Debug|Any CPU
		{4BC1D2AC-48CE-4FC4-ABDC-C8AF5994C358}.Debug|Any CPU.Build.0 = Debug|Any CPU
		{4BC1D2AC-48CE-4FC4-ABDC-C8AF5994C358}.Release|Any CPU.ActiveCfg = Release|Any CPU
		{4BC1D2AC-48CE-4FC4-ABDC-C8AF5994C358}.Release|Any CPU.Build.0 = Release|Any CPU
	EndGlobalSection
	GlobalSection(SolutionProperties) = preSolution
		HideSolutionNode = FALSE
	EndGlobalSection
	GlobalSection(ExtensibilityGlobals) = postSolution
		SolutionGuid = {B40BAE86-D0CC-40EA-BECE-C0B1CE1EC991}
	EndGlobalSection
EndGlobal
